{
  "name": "ScheduleDemo",
  "lockfileVersion": 3,
  "requires": true,
  "packages": {
    "": {
      "dependencies": {
        "@angular/common": "^16.2.10",
        "@fullcalendar/angular": "^6.1.9",
        "@fullcalendar/core": "^6.1.9",
        "@fullcalendar/daygrid": "^6.1.9",
        "angular-calendar": "^0.31.0",
        "date-fns": "^2.30.0"
      }
    },
    "node_modules/@angular/common": {
      "version": "16.2.10",
      "resolved": "https://registry.npmjs.org/@angular/common/-/common-16.2.10.tgz",
      "integrity": "sha512-cLth66aboInNcWFjDBRmK30jC5KN10nKDDcv4U/r3TDTBpKOtnmTjNFFr7dmjfUmVhHFy/66piBMfpjZI93Rxg==",
      "dependencies": {
        "tslib": "^2.3.0"
      },
      "engines": {
        "node": "^16.14.0 || >=18.10.0"
      },
      "peerDependencies": {
        "@angular/core": "16.2.10",
        "rxjs": "^6.5.3 || ^7.4.0"
      }
    },
    "node_modules/@angular/core": {
      "version": "16.2.10",
      "resolved": "https://registry.npmjs.org/@angular/core/-/core-16.2.10.tgz",
      "integrity": "sha512-0XTsPjNflFhOl2CfNEdGeDOklG2t+m/D3g10Y7hg9dBjC1dURUEqTmM4d6J7JNbBURrP+/iP7uLsn3WRSipGUw==",
      "peer": true,
      "dependencies": {
        "tslib": "^2.3.0"
      },
      "engines": {
        "node": "^16.14.0 || >=18.10.0"
      },
      "peerDependencies": {
        "rxjs": "^6.5.3 || ^7.4.0",
        "zone.js": "~0.13.0"
      }
    },
    "node_modules/@babel/runtime": {
      "version": "7.23.2",
      "resolved": "https://registry.npmjs.org/@babel/runtime/-/runtime-7.23.2.tgz",
      "integrity": "sha512-mM8eg4yl5D6i3lu2QKPuPH4FArvJ8KhTofbE7jwMUv9KX5mBvwPAqnV3MlyBNqdp9RyRKP6Yck8TrfYrPvX3bg==",
      "dependencies": {
        "regenerator-runtime": "^0.14.0"
      },
      "engines": {
        "node": ">=6.9.0"
      }
    },
    "node_modules/@fullcalendar/angular": {
      "version": "6.1.9",
      "resolved": "https://registry.npmjs.org/@fullcalendar/angular/-/angular-6.1.9.tgz",
      "integrity": "sha512-cN91zGQEGM9s6VnD+2jNdHomAGHJIGSMBR0ts5gJC0FIRCuLtjDxiZN4kNfRWxx7NJiSLm+NCKijo6317pGhsw==",
      "dependencies": {
        "tslib": "^2.3.0"
      },
      "peerDependencies": {
        "@angular/common": "12 - 16",
        "@angular/core": "12 - 16",
        "@fullcalendar/core": "~6.1.9"
      }
    },
    "node_modules/@fullcalendar/core": {
      "version": "6.1.9",
      "resolved": "https://registry.npmjs.org/@fullcalendar/core/-/core-6.1.9.tgz",
      "integrity": "sha512-eeG+z9BWerdsU9Ac6j16rpYpPnE0wxtnEHiHrh/u/ADbGTR3hCOjCD9PxQOfhOTHbWOVs7JQunGcksSPu5WZBQ==",
      "dependencies": {
        "preact": "~10.12.1"
      }
    },
    "node_modules/@fullcalendar/daygrid": {
      "version": "6.1.9",
      "resolved": "https://registry.npmjs.org/@fullcalendar/daygrid/-/daygrid-6.1.9.tgz",
      "integrity": "sha512-o/6joH/7lmVHXAkbaa/tUbzWYnGp/LgfdiFyYPkqQbjKEeivNZWF1WhHqFbhx0zbFONSHtrvkjY2bjr+Ef2quQ==",
      "peerDependencies": {
        "@fullcalendar/core": "~6.1.9"
      }
    },
    "node_modules/@mattlewis92/dom-autoscroller": {
      "version": "2.4.2",
      "resolved": "https://registry.npmjs.org/@mattlewis92/dom-autoscroller/-/dom-autoscroller-2.4.2.tgz",
      "integrity": "sha512-YbrUWREPGEjE/FU6foXcAT1YbVwqD/jkYnY1dFb0o4AxtP3s4xKBthlELjndZih8uwsDWgQZx1eNskRNe2BgZQ=="
    },
    "node_modules/@scarf/scarf": {
      "version": "1.3.0",
      "resolved": "https://registry.npmjs.org/@scarf/scarf/-/scarf-1.3.0.tgz",
      "integrity": "sha512-lHKK8M5CTcpFj2hZDB3wIjb0KAbEOgDmiJGDv1WBRfQgRm/a8/XMEkG/N1iM01xgbUDsPQwi42D+dFo1XPAKew==",
      "hasInstallScript": true
    },
    "node_modules/angular-calendar": {
      "version": "0.31.0",
      "resolved": "https://registry.npmjs.org/angular-calendar/-/angular-calendar-0.31.0.tgz",
      "integrity": "sha512-QGPObUmOYLr4IeSaj1pzZjcycN6otYx+SbeezJuujstXR9f2wo4CtMlBQ+SU+ZF5VFfrdYge8qkxMGCLBLBRrw==",
      "dependencies": {
        "@scarf/scarf": "^1.1.1",
        "angular-draggable-droppable": "^8.0.0",
        "angular-resizable-element": "^7.0.0",
        "calendar-utils": "^0.10.4",
        "positioning": "^2.0.1",
        "tslib": "^2.4.1"
      },
      "funding": {
        "url": "https://github.com/sponsors/mattlewis92"
      },
      "peerDependencies": {
        "@angular/core": ">=15.0.0"
      }
    },
    "node_modules/angular-draggable-droppable": {
      "version": "8.0.0",
      "resolved": "https://registry.npmjs.org/angular-draggable-droppable/-/angular-draggable-droppable-8.0.0.tgz",
      "integrity": "sha512-+gpSNBbygjV1pxTxsM3UPJKcXHXJabYoTtKcgQe74rGnb1umKc07XCBD1qDzvlG/kocthvhQ12qfYOYzHnE3ZA==",
      "dependencies": {
        "@mattlewis92/dom-autoscroller": "^2.4.2",
        "tslib": "^2.4.1"
      },
      "peerDependencies": {
        "@angular/core": ">=15.0.0"
      }
    },
    "node_modules/angular-resizable-element": {
      "version": "7.0.2",
      "resolved": "https://registry.npmjs.org/angular-resizable-element/-/angular-resizable-element-7.0.2.tgz",
      "integrity": "sha512-/BGuNiA38n9klexHO1xgnsA3VYigj9v+jUGjKtBRgfB26bCxZKsNWParSu2k3EqbATrfAJC4Nl8f7cORpJFf4w==",
      "dependencies": {
        "tslib": "^2.3.0"
      },
      "peerDependencies": {
        "@angular/core": ">=15.0.0"
      }
    },
    "node_modules/calendar-utils": {
      "version": "0.10.4",
      "resolved": "https://registry.npmjs.org/calendar-utils/-/calendar-utils-0.10.4.tgz",
      "integrity": "sha512-gBK4xCJ42yjaUKwuUha6cZOfxAmGzvSgbdAaX3xLRioeKbYoOK1x1qeD6dch72rsMZlTgATPbBBx42bnkStqgQ=="
    },
    "node_modules/date-fns": {
      "version": "2.30.0",
      "resolved": "https://registry.npmjs.org/date-fns/-/date-fns-2.30.0.tgz",
      "integrity": "sha512-fnULvOpxnC5/Vg3NCiWelDsLiUc9bRwAPs/+LfTLNvetFCtCTN+yQz15C/fs4AwX1R9K5GLtLfn8QW+dWisaAw==",
      "dependencies": {
        "@babel/runtime": "^7.21.0"
      },
      "engines": {
        "node": ">=0.11"
      },
      "funding": {
        "type": "opencollective",
        "url": "https://opencollective.com/date-fns"
      }
    },
    "node_modules/positioning": {
      "version": "2.0.1",
      "resolved": "https://registry.npmjs.org/positioning/-/positioning-2.0.1.tgz",
      "integrity": "sha512-DsAgM42kV/ObuwlRpAzDTjH9E8fGKkMDJHWFX+kfNXSxh7UCCQxEmdjv/Ws5Ft1XDnt3JT8fIDYeKNSE2TbttA=="
    },
    "node_modules/preact": {
      "version": "10.12.1",
      "resolved": "https://registry.npmjs.org/preact/-/preact-10.12.1.tgz",
      "integrity": "sha512-l8386ixSsBdbreOAkqtrwqHwdvR35ID8c3rKPa8lCWuO86dBi32QWHV4vfsZK1utLLFMvw+Z5Ad4XLkZzchscg==",
      "funding": {
        "type": "opencollective",
        "url": "https://opencollective.com/preact"
      }
    },
    "node_modules/regenerator-runtime": {
      "version": "0.14.0",
      "resolved": "https://registry.npmjs.org/regenerator-runtime/-/regenerator-runtime-0.14.0.tgz",
      "integrity": "sha512-srw17NI0TUWHuGa5CFGGmhfNIeja30WMBfbslPNhf6JrqQlLN5gcrvig1oqPxiVaXb0oW0XRKtH6Nngs5lKCIA=="
    },
    "node_modules/rxjs": {
      "version": "7.8.1",
      "resolved": "https://registry.npmjs.org/rxjs/-/rxjs-7.8.1.tgz",
      "integrity": "sha512-AA3TVj+0A2iuIoQkWEK/tqFjBq2j+6PO6Y0zJcvzLAFhEFIO3HL0vls9hWLncZbAAbK0mar7oZ4V079I/qPMxg==",
      "peer": true,
      "dependencies": {
        "tslib": "^2.1.0"
      }
    },
    "node_modules/tslib": {
      "version": "2.6.2",
      "resolved": "https://registry.npmjs.org/tslib/-/tslib-2.6.2.tgz",
      "integrity": "sha512-AEYxH93jGFPn/a2iVAwW87VuUIkR1FVUKB77NwMF7nBTDkDrrT/Hpt/IrCJ0QXhW27jTBDcf5ZY7w6RiqTMw2Q=="
    },
    "node_modules/zone.js": {
      "version": "0.13.3",
      "resolved": "https://registry.npmjs.org/zone.js/-/zone.js-0.13.3.tgz",
      "integrity": "sha512-MKPbmZie6fASC/ps4dkmIhaT5eonHkEt6eAy80K42tAm0G2W+AahLJjbfi6X9NPdciOE9GRFTTM8u2IiF6O3ww==",
      "peer": true,
      "dependencies": {
        "tslib": "^2.3.0"
      }
    }
  }
}
